// !$*UTF8*$!
{
	archiveVersion = 1;
	classes = {
	};
	objectVersion = 46;
	objects = {

/* Begin PBXBuildFile section */
		2F8315EC1E5AB5BE0054D1F8 /* main.mm in Sources */ = {isa = PBXBuildFile; fileRef = 2F8315EB1E5AB5BE0054D1F8 /* main.mm */; };
		2F8315F31E5AB7760054D1F8 /* TestA.mm in Sources */ = {isa = PBXBuildFile; fileRef = 2F8315F21E5AB7760054D1F8 /* TestA.mm */; };
/* End PBXBuildFile section */

/* Begin PBXCopyFilesBuildPhase section */
		2F8315E61E5AB5BE0054D1F8 /* CopyFiles */ = {
			isa = PBXCopyFilesBuildPhase;
			buildActionMask = 2147483647;
			dstPath = /usr/share/man/man1/;
			dstSubfolderSpec = 0;
			files = (
			);
			runOnlyForDeploymentPostprocessing = 1;
		};
/* End PBXCopyFilesBuildPhase section */

/* Begin PBXFileReference section */
		2F8315E81E5AB5BE0054D1F8 /* TestLibs */ = {isa = PBXFileReference; explicitFileType = "compiled.mach-o.executable"; includeInIndex = 0; path = TestLibs; sourceTree = BUILT_PRODUCTS_DIR; };
		2F8315EB1E5AB5BE0054D1F8 /* main.mm */ = {isa = PBXFileReference; lastKnownFileType = sourcecode.cpp.objcpp; path = main.mm; sourceTree = "<group>"; };
		2F8315F21E5AB7760054D1F8 /* TestA.mm */ = {isa = PBXFileReference; fileEncoding = 4; lastKnownFileType = sourcecode.cpp.objcpp; path = TestA.mm; sourceTree = "<group>"; };
		2F8315F41E5AB7980054D1F8 /* TestA.h */ = {isa = PBXFileReference; lastKnownFileType = sourcecode.c.h; path = TestA.h; sourceTree = "<group>"; };
		2FD260EE1E65289800AEF965 /* Lib */ = {isa = PBXFileReference; lastKnownFileType = folder; path = Lib; sourceTree = "<group>"; };
/* End PBXFileReference section */

/* Begin PBXFrameworksBuildPhase section */
		2F8315E51E5AB5BE0054D1F8 /* Frameworks */ = {
			isa = PBXFrameworksBuildPhase;
			buildActionMask = 2147483647;
			files = (
			);
			runOnlyForDeploymentPostprocessing = 0;
		};
/* End PBXFrameworksBuildPhase section */

/* Begin PBXGroup section */
		2F8315DF1E5AB5BE0054D1F8 = {
			isa = PBXGroup;
			children = (
				2F8315EA1E5AB5BE0054D1F8 /* TestLibs */,
				2F8315E91E5AB5BE0054D1F8 /* Products */,
			);
			sourceTree = "<group>";
		};
		2F8315E91E5AB5BE0054D1F8 /* Products */ = {
			isa = PBXGroup;
			children = (
				2F8315E81E5AB5BE0054D1F8 /* TestLibs */,
			);
			name = Products;
			sourceTree = "<group>";
		};
		2F8315EA1E5AB5BE0054D1F8 /* TestLibs */ = {
			isa = PBXGroup;
			children = (
				2FD260EE1E65289800AEF965 /* Lib */,
				2F8315EB1E5AB5BE0054D1F8 /* main.mm */,
				2F8315F21E5AB7760054D1F8 /* TestA.mm */,
				2F8315F41E5AB7980054D1F8 /* TestA.h */,
			);
			path = TestLibs;
			sourceTree = "<group>";
		};
/* End PBXGroup section */

/* Begin PBXNativeTarget section */
		2F8315E71E5AB5BE0054D1F8 /* TestLibs */ = {
			isa = PBXNativeTarget;
			buildConfigurationList = 2F8315EF1E5AB5BE0054D1F8 /* Build configuration list for PBXNativeTarget "TestLibs" */;
			buildPhases = (
				2F8315E41E5AB5BE0054D1F8 /* Sources */,
				2F8315E51E5AB5BE0054D1F8 /* Frameworks */,
				2F8315E61E5AB5BE0054D1F8 /* CopyFiles */,
			);
			buildRules = (
			);
			dependencies = (
			);
			name = TestLibs;
			productName = TestLibs;
			productReference = 2F8315E81E5AB5BE0054D1F8 /* TestLibs */;
			productType = "com.apple.product-type.tool";
		};
/* End PBXNativeTarget section */

/* Begin PBXProject section */
		2F8315E01E5AB5BE0054D1F8 /* Project object */ = {
			isa = PBXProject;
			attributes = {
				LastUpgradeCheck = 0820;
				ORGANIZATIONNAME = "zt-2010879";
				TargetAttributes = {
					2F8315E71E5AB5BE0054D1F8 = {
						CreatedOnToolsVersion = 8.2.1;
						ProvisioningStyle = Automatic;
					};
				};
			};
			buildConfigurationList = 2F8315E31E5AB5BE0054D1F8 /* Build configuration list for PBXProject "TestLibs" */;
			compatibilityVersion = "Xcode 3.2";
			developmentRegion = English;
			hasScannedForEncodings = 0;
			knownRegions = (
				en,
			);
			mainGroup = 2F8315DF1E5AB5BE0054D1F8;
			productRefGroup = 2F8315E91E5AB5BE0054D1F8 /* Products */;
			projectDirPath = "";
			projectRoot = "";
			targets = (
				2F8315E71E5AB5BE0054D1F8 /* TestLibs */,
			);
		};
/* End PBXProject section */

/* Begin PBXSourcesBuildPhase section */
		2F8315E41E5AB5BE0054D1F8 /* Sources */ = {
			isa = PBXSourcesBuildPhase;
			buildActionMask = 2147483647;
			files = (
				2F8315EC1E5AB5BE0054D1F8 /* main.mm in Sources */,
				2F8315F31E5AB7760054D1F8 /* TestA.mm in Sources */,
			);
			runOnlyForDeploymentPostprocessing = 0;
		};
/* End PBXSourcesBuildPhase section */

/* Begin XCBuildConfiguration section */
		2F8315ED1E5AB5BE0054D1F8 /* Debug */ = {
			isa = XCBuildConfiguration;
			buildSettings = {
				ALWAYS_SEARCH_USER_PATHS = NO;
				CLANG_ANALYZER_NONNULL = YES;
				CLANG_CXX_LANGUAGE_STANDARD = "gnu++0x";
				CLANG_CXX_LIBRARY = "libc++";
				CLANG_ENABLE_MODULES = YES;
				CLANG_ENABLE_OBJC_ARC = NO;
				CLANG_WARN_BOOL_CONVERSION = YES;
				CLANG_WARN_CONSTANT_CONVERSION = YES;
				CLANG_WARN_DIRECT_OBJC_ISA_USAGE = YES_ERROR;
				CLANG_WARN_DOCUMENTATION_COMMENTS = YES;
				CLANG_WARN_EMPTY_BODY = YES;
				CLANG_WARN_ENUM_CONVERSION = YES;
				CLANG_WARN_INFINITE_RECURSION = YES;
				CLANG_WARN_INT_CONVERSION = YES;
				CLANG_WARN_OBJC_ROOT_CLASS = YES_ERROR;
				CLANG_WARN_SUSPICIOUS_MOVE = YES;
				CLANG_WARN_UNREACHABLE_CODE = YES;
				CLANG_WARN__DUPLICATE_METHOD_MATCH = YES;
				CODE_SIGN_IDENTITY = "-";
				COPY_PHASE_STRIP = NO;
				DEBUG_INFORMATION_FORMAT = dwarf;
				ENABLE_STRICT_OBJC_MSGSEND = YES;
				ENABLE_TESTABILITY = YES;
				GCC_C_LANGUAGE_STANDARD = gnu99;
				GCC_DYNAMIC_NO_PIC = NO;
				GCC_NO_COMMON_BLOCKS = YES;
				GCC_OPTIMIZATION_LEVEL = 0;
				GCC_PREPROCESSOR_DEFINITIONS = (
					"DEBUG=1",
					"$(inherited)",
				);
				GCC_WARN_64_TO_32_BIT_CONVERSION = YES;
				GCC_WARN_ABOUT_RETURN_TYPE = YES_ERROR;
				GCC_WARN_UNDECLARED_SELECTOR = YES;
				GCC_WARN_UNINITIALIZED_AUTOS = YES_AGGRESSIVE;
				GCC_WARN_UNUSED_FUNCTION = YES;
				GCC_WARN_UNUSED_VARIABLE = YES;
				HEADER_SEARCH_PATHS = (
					TestLibs/Lib/Core,
					TestLibs/Lib/DataStruct,
					TestLibs/Lib/DelayHandle,
					TestLibs/Lib/EventHandle,
					TestLibs/Lib/FileSystem,
					TestLibs/Lib/FrameHandle,
					TestLibs/Lib/FrameWork,
					TestLibs/Lib/Log,
					TestLibs/Lib/MsgRoute,
					TestLibs/Lib/ObjectPool,
					TestLibs/Lib/Tools,
					TestLibs/Lib/Thread,
					TestLibs/Lib/Task,
				);
				MACOSX_DEPLOYMENT_TARGET = 10.12;
				MTL_ENABLE_DEBUG_INFO = YES;
				ONLY_ACTIVE_ARCH = YES;
				SDKROOT = macosx;
			};
			name = Debug;
		};
		2F8315EE1E5AB5BE0054D1F8 /* Release */ = {
			isa = XCBuildConfiguration;
			buildSettings = {
				ALWAYS_SEARCH_USER_PATHS = NO;
				CLANG_ANALYZER_NONNULL = YES;
				CLANG_CXX_LANGUAGE_STANDARD = "gnu++0x";
				CLANG_CXX_LIBRARY = "libc++";
				CLANG_ENABLE_MODULES = YES;
				CLANG_ENABLE_OBJC_ARC = NO;
				CLANG_WARN_BOOL_CONVERSION = YES;
				CLANG_WARN_CONSTANT_CONVERSION = YES;
				CLANG_WARN_DIRECT_OBJC_ISA_USAGE = YES_ERROR;
				CLANG_WARN_DOCUMENTATION_COMMENTS = YES;
				CLANG_WARN_EMPTY_BODY = YES;
				CLANG_WARN_ENUM_CONVERSION = YES;
				CLANG_WARN_INFINITE_RECURSION = YES;
				CLANG_WARN_INT_CONVERSION = YES;
				CLANG_WARN_OBJC_ROOT_CLASS = YES_ERROR;
				CLANG_WARN_SUSPICIOUS_MOVE = YES;
				CLANG_WARN_UNREACHABLE_CODE = YES;
				CLANG_WARN__DUPLICATE_METHOD_MATCH = YES;
				CODE_SIGN_IDENTITY = "-";
				COPY_PHASE_STRIP = NO;
				DEBUG_INFORMATION_FORMAT = "dwarf-with-dsym";
				ENABLE_NS_ASSERTIONS = NO;
				ENABLE_STRICT_OBJC_MSGSEND = YES;
				GCC_C_LANGUAGE_STANDARD = gnu99;
				GCC_NO_COMMON_BLOCKS = YES;
				GCC_WARN_64_TO_32_BIT_CONVERSION = YES;
				GCC_WARN_ABOUT_RETURN_TYPE = YES_ERROR;
				GCC_WARN_UNDECLARED_SELECTOR = YES;
				GCC_WARN_UNINITIALIZED_AUTOS = YES_AGGRESSIVE;
				GCC_WARN_UNUSED_FUNCTION = YES;
				GCC_WARN_UNUSED_VARIABLE = YES;
				HEADER_SEARCH_PATHS = (
					TestLibs/Lib/Core,
					TestLibs/Lib/DataStruct,
					TestLibs/Lib/DelayHandle,
					TestLibs/Lib/EventHandle,
					TestLibs/Lib/FileSystem,
					TestLibs/Lib/FrameHandle,
					TestLibs/Lib/FrameWork,
					TestLibs/Lib/Log,
					TestLibs/Lib/MsgRoute,
					TestLibs/Lib/ObjectPool,
					TestLibs/Lib/Tools,
					TestLibs/Lib/Thread,
					TestLibs/Lib/Task,
				);
				MACOSX_DEPLOYMENT_TARGET = 10.12;
				MTL_ENABLE_DEBUG_INFO = NO;
				SDKROOT = macosx;
			};
			name = Release;
		};
		2F8315F01E5AB5BE0054D1F8 /* Debug */ = {
			isa = XCBuildConfiguration;
			buildSettings = {
				PRODUCT_NAME = "$(TARGET_NAME)";
			};
			name = Debug;
		};
		2F8315F11E5AB5BE0054D1F8 /* Release */ = {
			isa = XCBuildConfiguration;
			buildSettings = {
				PRODUCT_NAME = "$(TARGET_NAME)";
			};
			name = Release;
		};
/* End XCBuildConfiguration section */

/* Begin XCConfigurationList section */
		2F8315E31E5AB5BE0054D1F8 /* Build configuration list for PBXProject "TestLibs" */ = {
			isa = XCConfigurationList;
			buildConfigurations = (
				2F8315ED1E5AB5BE0054D1F8 /* Debug */,
				2F8315EE1E5AB5BE0054D1F8 /* Release */,
			);
			defaultConfigurationIsVisible = 0;
			defaultConfigurationName = Release;
		};
		2F8315EF1E5AB5BE0054D1F8 /* Build configuration list for PBXNativeTarget "TestLibs" */ = {
			isa = XCConfigurationList;
			buildConfigurations = (
				2F8315F01E5AB5BE0054D1F8 /* Debug */,
				2F8315F11E5AB5BE0054D1F8 /* Release */,
			);
			defaultConfigurationIsVisible = 0;
			defaultConfigurationName = Release;
		};
/* End XCConfigurationList section */
	};
	rootObject = 2F8315E01E5AB5BE0054D1F8 /* Project object */;
}
