// !$*UTF8*$!
{
	archiveVersion = 1;
	classes = {
	};
	objectVersion = 46;
	objects = {

/* Begin PBXBuildFile section */
		068E362F2528C04200EF2CA3 /* MEncoding.mm in Sources */ = {isa = PBXBuildFile; fileRef = 068E35802528C04200EF2CA3 /* MEncoding.mm */; };
		068E36302528C04200EF2CA3 /* UtilLog.mm in Sources */ = {isa = PBXBuildFile; fileRef = 068E35812528C04200EF2CA3 /* UtilLog.mm */; };
		068E36312528C04200EF2CA3 /* UtilStr.mm in Sources */ = {isa = PBXBuildFile; fileRef = 068E35822528C04200EF2CA3 /* UtilStr.mm */; };
		068E36322528C04200EF2CA3 /* UtilSysLibsWrap.mm in Sources */ = {isa = PBXBuildFile; fileRef = 068E35842528C04200EF2CA3 /* UtilSysLibsWrap.mm */; };
		068E36332528C04200EF2CA3 /* SystemEndian.mm in Sources */ = {isa = PBXBuildFile; fileRef = 068E35852528C04200EF2CA3 /* SystemEndian.mm */; };
		068E36342528C04200EF2CA3 /* MBitConverter.mm in Sources */ = {isa = PBXBuildFile; fileRef = 068E358B2528C04200EF2CA3 /* MBitConverter.mm */; };
		068E36352528C04200EF2CA3 /* ProcessSys.mm in Sources */ = {isa = PBXBuildFile; fileRef = 068E358E2528C04200EF2CA3 /* ProcessSys.mm */; };
		068E36362528C04200EF2CA3 /* Singleton.mm in Sources */ = {isa = PBXBuildFile; fileRef = 068E358F2528C04200EF2CA3 /* Singleton.mm */; };
		068E36372528C04200EF2CA3 /* Ctx.mm in Sources */ = {isa = PBXBuildFile; fileRef = 068E35932528C04200EF2CA3 /* Ctx.mm */; };
		068E36382528C04200EF2CA3 /* Config.mm in Sources */ = {isa = PBXBuildFile; fileRef = 068E35942528C04200EF2CA3 /* Config.mm */; };
		068E36392528C04200EF2CA3 /* GlobalDelegate.mm in Sources */ = {isa = PBXBuildFile; fileRef = 068E35972528C04200EF2CA3 /* GlobalDelegate.mm */; };
		068E363A2528C04200EF2CA3 /* ShareData.mm in Sources */ = {isa = PBXBuildFile; fileRef = 068E35992528C04200EF2CA3 /* ShareData.mm */; };
		068E363B2528C04200EF2CA3 /* EngineLoop.mm in Sources */ = {isa = PBXBuildFile; fileRef = 068E359B2528C04200EF2CA3 /* EngineLoop.mm */; };
		068E363C2528C04200EF2CA3 /* CallOnceEventDispatch.mm in Sources */ = {isa = PBXBuildFile; fileRef = 068E359F2528C04200EF2CA3 /* CallOnceEventDispatch.mm */; };
		068E363D2528C04200EF2CA3 /* AddOnceAndCallOnceEventDispatch.mm in Sources */ = {isa = PBXBuildFile; fileRef = 068E35A12528C04200EF2CA3 /* AddOnceAndCallOnceEventDispatch.mm */; };
		068E363E2528C04200EF2CA3 /* ResInsEventDispatch.mm in Sources */ = {isa = PBXBuildFile; fileRef = 068E35A22528C04200EF2CA3 /* ResInsEventDispatch.mm */; };
		068E363F2528C04200EF2CA3 /* AddOnceEventDispatch.mm in Sources */ = {isa = PBXBuildFile; fileRef = 068E35A42528C04200EF2CA3 /* AddOnceEventDispatch.mm */; };
		068E36402528C04200EF2CA3 /* EventDispatchGroup.mm in Sources */ = {isa = PBXBuildFile; fileRef = 068E35A52528C04200EF2CA3 /* EventDispatchGroup.mm */; };
		068E36412528C04200EF2CA3 /* ResEventDispatch.mm in Sources */ = {isa = PBXBuildFile; fileRef = 068E35A72528C04200EF2CA3 /* ResEventDispatch.mm */; };
		068E36422528C04200EF2CA3 /* EventDispatchFunctionObject.mm in Sources */ = {isa = PBXBuildFile; fileRef = 068E35AA2528C04200EF2CA3 /* EventDispatchFunctionObject.mm */; };
		068E36432528C04200EF2CA3 /* EventDispatch.mm in Sources */ = {isa = PBXBuildFile; fileRef = 068E35B12528C04200EF2CA3 /* EventDispatch.mm */; };
		068E36442528C04200EF2CA3 /* SocketCloseedMR.mm in Sources */ = {isa = PBXBuildFile; fileRef = 068E35B32528C04200EF2CA3 /* SocketCloseedMR.mm */; };
		068E36452528C04200EF2CA3 /* SocketOpenedMR.mm in Sources */ = {isa = PBXBuildFile; fileRef = 068E35B42528C04200EF2CA3 /* SocketOpenedMR.mm */; };
		068E36462528C04200EF2CA3 /* MsgRouteHandleBase.mm in Sources */ = {isa = PBXBuildFile; fileRef = 068E35B52528C04200EF2CA3 /* MsgRouteHandleBase.mm */; };
		068E36472528C04200EF2CA3 /* SysMsgRoute.mm in Sources */ = {isa = PBXBuildFile; fileRef = 068E35B72528C04200EF2CA3 /* SysMsgRoute.mm */; };
		068E36482528C04200EF2CA3 /* ThreadLogMR.mm in Sources */ = {isa = PBXBuildFile; fileRef = 068E35BA2528C04200EF2CA3 /* ThreadLogMR.mm */; };
		068E36492528C04200EF2CA3 /* LoadedWebResMR.mm in Sources */ = {isa = PBXBuildFile; fileRef = 068E35BF2528C04200EF2CA3 /* LoadedWebResMR.mm */; };
		068E364A2528C04200EF2CA3 /* MsgRouteBase.mm in Sources */ = {isa = PBXBuildFile; fileRef = 068E35C02528C04200EF2CA3 /* MsgRouteBase.mm */; };
		068E364B2528C04200EF2CA3 /* MsgRouteNotify.mm in Sources */ = {isa = PBXBuildFile; fileRef = 068E35C32528C04200EF2CA3 /* MsgRouteNotify.mm */; };
		068E364C2528C04200EF2CA3 /* MsgRouteDispHandle.mm in Sources */ = {isa = PBXBuildFile; fileRef = 068E35C62528C04200EF2CA3 /* MsgRouteDispHandle.mm */; };
		068E364D2528C04200EF2CA3 /* MFileStream.mm in Sources */ = {isa = PBXBuildFile; fileRef = 068E35C92528C04200EF2CA3 /* MFileStream.mm */; };
		068E364E2528C04200EF2CA3 /* DelayAddParam.mm in Sources */ = {isa = PBXBuildFile; fileRef = 068E35D12528C04200EF2CA3 /* DelayAddParam.mm */; };
		068E364F2528C04200EF2CA3 /* DelayHandleObject.mm in Sources */ = {isa = PBXBuildFile; fileRef = 068E35D22528C04200EF2CA3 /* DelayHandleObject.mm */; };
		068E36502528C04200EF2CA3 /* DelayDelParam.mm in Sources */ = {isa = PBXBuildFile; fileRef = 068E35D42528C04200EF2CA3 /* DelayDelParam.mm */; };
		068E36512528C04200EF2CA3 /* DelayHandleMgrBase.mm in Sources */ = {isa = PBXBuildFile; fileRef = 068E35D52528C04200EF2CA3 /* DelayHandleMgrBase.mm */; };
		068E36522528C04200EF2CA3 /* DelayHandleParamBase.mm in Sources */ = {isa = PBXBuildFile; fileRef = 068E35D72528C04200EF2CA3 /* DelayHandleParamBase.mm */; };
		068E36532528C04200EF2CA3 /* TickObjectMgrBase.mm in Sources */ = {isa = PBXBuildFile; fileRef = 068E35DA2528C04200EF2CA3 /* TickObjectMgrBase.mm */; };
		068E36542528C04200EF2CA3 /* SystemTimeData.mm in Sources */ = {isa = PBXBuildFile; fileRef = 068E35DE2528C04200EF2CA3 /* SystemTimeData.mm */; };
		068E36552528C04200EF2CA3 /* TimeInterval.mm in Sources */ = {isa = PBXBuildFile; fileRef = 068E35DF2528C04200EF2CA3 /* TimeInterval.mm */; };
		068E36562528C04200EF2CA3 /* TickMgr.mm in Sources */ = {isa = PBXBuildFile; fileRef = 068E35E12528C04200EF2CA3 /* TickMgr.mm */; };
		068E36572528C04200EF2CA3 /* TimerFunctionObject.mm in Sources */ = {isa = PBXBuildFile; fileRef = 068E35E32528C04200EF2CA3 /* TimerFunctionObject.mm */; };
		068E36582528C04200EF2CA3 /* LoopDepth.mm in Sources */ = {isa = PBXBuildFile; fileRef = 068E35E52528C04200EF2CA3 /* LoopDepth.mm */; };
		068E36592528C04200EF2CA3 /* FrameTimerMgr.mm in Sources */ = {isa = PBXBuildFile; fileRef = 068E35EB2528C04200EF2CA3 /* FrameTimerMgr.mm */; };
		068E365A2528C04200EF2CA3 /* TimerItemBase.mm in Sources */ = {isa = PBXBuildFile; fileRef = 068E35EC2528C04200EF2CA3 /* TimerItemBase.mm */; };
		068E365B2528C04200EF2CA3 /* LogicTickMgr.mm in Sources */ = {isa = PBXBuildFile; fileRef = 068E35ED2528C04200EF2CA3 /* LogicTickMgr.mm */; };
		068E365C2528C04200EF2CA3 /* CountDownTimer.mm in Sources */ = {isa = PBXBuildFile; fileRef = 068E35EF2528C04200EF2CA3 /* CountDownTimer.mm */; };
		068E365D2528C04200EF2CA3 /* FrameTimerItem.mm in Sources */ = {isa = PBXBuildFile; fileRef = 068E35F22528C04200EF2CA3 /* FrameTimerItem.mm */; };
		068E365E2528C04200EF2CA3 /* TimerMgr.mm in Sources */ = {isa = PBXBuildFile; fileRef = 068E35F42528C04200EF2CA3 /* TimerMgr.mm */; };
		068E365F2528C04200EF2CA3 /* TickProcessObject.mm in Sources */ = {isa = PBXBuildFile; fileRef = 068E35F72528C04200EF2CA3 /* TickProcessObject.mm */; };
		068E36602528C04200EF2CA3 /* SystemFrameData.mm in Sources */ = {isa = PBXBuildFile; fileRef = 068E35F92528C04200EF2CA3 /* SystemFrameData.mm */; };
		068E36612528C04200EF2CA3 /* FixedTickMgr.mm in Sources */ = {isa = PBXBuildFile; fileRef = 068E35FA2528C04200EF2CA3 /* FixedTickMgr.mm */; };
		068E36622528C04200EF2CA3 /* ByteBuffer.mm in Sources */ = {isa = PBXBuildFile; fileRef = 068E35FF2528C04200EF2CA3 /* ByteBuffer.mm */; };
		068E36632528C04200EF2CA3 /* MList.mm in Sources */ = {isa = PBXBuildFile; fileRef = 068E36012528C04200EF2CA3 /* MList.mm */; };
		068E36642528C04200EF2CA3 /* DynByteBuffer.mm in Sources */ = {isa = PBXBuildFile; fileRef = 068E36032528C04200EF2CA3 /* DynByteBuffer.mm */; };
		068E36652528C04200EF2CA3 /* MsgBuffer.mm in Sources */ = {isa = PBXBuildFile; fileRef = 068E36062528C04200EF2CA3 /* MsgBuffer.mm */; };
		068E36662528C04200EF2CA3 /* CircularBuffer.mm in Sources */ = {isa = PBXBuildFile; fileRef = 068E36082528C04200EF2CA3 /* CircularBuffer.mm */; };
		068E36672528C04200EF2CA3 /* DynBufResizePolicy.mm in Sources */ = {isa = PBXBuildFile; fileRef = 068E360A2528C04200EF2CA3 /* DynBufResizePolicy.mm */; };
		068E36682528C04200EF2CA3 /* MDictionary.mm in Sources */ = {isa = PBXBuildFile; fileRef = 068E360B2528C04200EF2CA3 /* MDictionary.mm */; };
		068E36692528C04200EF2CA3 /* ClientBuffer.mm in Sources */ = {isa = PBXBuildFile; fileRef = 068E360C2528C04200EF2CA3 /* ClientBuffer.mm */; };
		068E366A2528C04200EF2CA3 /* DynBuffer.mm in Sources */ = {isa = PBXBuildFile; fileRef = 068E360F2528C04200EF2CA3 /* DynBuffer.mm */; };
		068E366B2528C04200EF2CA3 /* UniqueStrIdGen.mm in Sources */ = {isa = PBXBuildFile; fileRef = 068E36132528C04200EF2CA3 /* UniqueStrIdGen.mm */; };
		068E366C2528C04200EF2CA3 /* GObject.mm in Sources */ = {isa = PBXBuildFile; fileRef = 068E36152528C04200EF2CA3 /* GObject.mm */; };
		068E366D2528C04300EF2CA3 /* UniqueNumIdGen.mm in Sources */ = {isa = PBXBuildFile; fileRef = 068E36162528C04200EF2CA3 /* UniqueNumIdGen.mm */; };
		068E366E2528C04300EF2CA3 /* TestBase.mm in Sources */ = {isa = PBXBuildFile; fileRef = 068E361C2528C04200EF2CA3 /* TestBase.mm */; };
		068E366F2528C04300EF2CA3 /* TestMain.mm in Sources */ = {isa = PBXBuildFile; fileRef = 068E361D2528C04200EF2CA3 /* TestMain.mm */; };
		068E36702528C04300EF2CA3 /* TestA.mm in Sources */ = {isa = PBXBuildFile; fileRef = 068E36202528C04200EF2CA3 /* TestA.mm */; };
		068E36712528C04300EF2CA3 /* TestSyntaxClassAa.mm in Sources */ = {isa = PBXBuildFile; fileRef = 068E36232528C04200EF2CA3 /* TestSyntaxClassAa.mm */; };
		068E36722528C04300EF2CA3 /* TestSyntax.mm in Sources */ = {isa = PBXBuildFile; fileRef = 068E36242528C04200EF2CA3 /* TestSyntax.mm */; };
		068E36732528C04300EF2CA3 /* AppFrame.mm in Sources */ = {isa = PBXBuildFile; fileRef = 068E36282528C04200EF2CA3 /* AppFrame.mm */; };
		068E36742528C04300EF2CA3 /* MainEntry.mm in Sources */ = {isa = PBXBuildFile; fileRef = 068E362C2528C04200EF2CA3 /* MainEntry.mm */; };
		068E36752528C04300EF2CA3 /* main.mm in Sources */ = {isa = PBXBuildFile; fileRef = 068E362E2528C04200EF2CA3 /* main.mm */; };
/* End PBXBuildFile section */

/* Begin PBXCopyFilesBuildPhase section */
		2F8315E61E5AB5BE0054D1F8 /* CopyFiles */ = {
			isa = PBXCopyFilesBuildPhase;
			buildActionMask = 2147483647;
			dstPath = /usr/share/man/man1/;
			dstSubfolderSpec = 0;
			files = (
			);
			runOnlyForDeploymentPostprocessing = 1;
		};
/* End PBXCopyFilesBuildPhase section */

/* Begin PBXFileReference section */
		068E357F2528C04200EF2CA3 /* SystemEndian.h */ = {isa = PBXFileReference; fileEncoding = 4; lastKnownFileType = sourcecode.c.h; path = SystemEndian.h; sourceTree = "<group>"; };
		068E35802528C04200EF2CA3 /* MEncoding.mm */ = {isa = PBXFileReference; fileEncoding = 4; lastKnownFileType = sourcecode.cpp.objcpp; path = MEncoding.mm; sourceTree = "<group>"; };
		068E35812528C04200EF2CA3 /* UtilLog.mm */ = {isa = PBXFileReference; fileEncoding = 4; lastKnownFileType = sourcecode.cpp.objcpp; path = UtilLog.mm; sourceTree = "<group>"; };
		068E35822528C04200EF2CA3 /* UtilStr.mm */ = {isa = PBXFileReference; fileEncoding = 4; lastKnownFileType = sourcecode.cpp.objcpp; path = UtilStr.mm; sourceTree = "<group>"; };
		068E35832528C04200EF2CA3 /* EEndian.h */ = {isa = PBXFileReference; fileEncoding = 4; lastKnownFileType = sourcecode.c.h; path = EEndian.h; sourceTree = "<group>"; };
		068E35842528C04200EF2CA3 /* UtilSysLibsWrap.mm */ = {isa = PBXFileReference; fileEncoding = 4; lastKnownFileType = sourcecode.cpp.objcpp; path = UtilSysLibsWrap.mm; sourceTree = "<group>"; };
		068E35852528C04200EF2CA3 /* SystemEndian.mm */ = {isa = PBXFileReference; fileEncoding = 4; lastKnownFileType = sourcecode.cpp.objcpp; path = SystemEndian.mm; sourceTree = "<group>"; };
		068E35862528C04200EF2CA3 /* GkEncode.h */ = {isa = PBXFileReference; fileEncoding = 4; lastKnownFileType = sourcecode.c.h; path = GkEncode.h; sourceTree = "<group>"; };
		068E35872528C04200EF2CA3 /* UtilLog.h */ = {isa = PBXFileReference; fileEncoding = 4; lastKnownFileType = sourcecode.c.h; path = UtilLog.h; sourceTree = "<group>"; };
		068E35882528C04200EF2CA3 /* MEncoding.h */ = {isa = PBXFileReference; fileEncoding = 4; lastKnownFileType = sourcecode.c.h; path = MEncoding.h; sourceTree = "<group>"; };
		068E35892528C04200EF2CA3 /* MBitConverter.h */ = {isa = PBXFileReference; fileEncoding = 4; lastKnownFileType = sourcecode.c.h; path = MBitConverter.h; sourceTree = "<group>"; };
		068E358A2528C04200EF2CA3 /* UtilStr.h */ = {isa = PBXFileReference; fileEncoding = 4; lastKnownFileType = sourcecode.c.h; path = UtilStr.h; sourceTree = "<group>"; };
		068E358B2528C04200EF2CA3 /* MBitConverter.mm */ = {isa = PBXFileReference; fileEncoding = 4; lastKnownFileType = sourcecode.cpp.objcpp; path = MBitConverter.mm; sourceTree = "<group>"; };
		068E358C2528C04200EF2CA3 /* UtilSysLibsWrap.h */ = {isa = PBXFileReference; fileEncoding = 4; lastKnownFileType = sourcecode.c.h; path = UtilSysLibsWrap.h; sourceTree = "<group>"; };
		068E358E2528C04200EF2CA3 /* ProcessSys.mm */ = {isa = PBXFileReference; fileEncoding = 4; lastKnownFileType = sourcecode.cpp.objcpp; path = ProcessSys.mm; sourceTree = "<group>"; };
		068E358F2528C04200EF2CA3 /* Singleton.mm */ = {isa = PBXFileReference; fileEncoding = 4; lastKnownFileType = sourcecode.cpp.objcpp; path = Singleton.mm; sourceTree = "<group>"; };
		068E35902528C04200EF2CA3 /* Config.h */ = {isa = PBXFileReference; fileEncoding = 4; lastKnownFileType = sourcecode.c.h; path = Config.h; sourceTree = "<group>"; };
		068E35912528C04200EF2CA3 /* Singleton.h */ = {isa = PBXFileReference; fileEncoding = 4; lastKnownFileType = sourcecode.c.h; path = Singleton.h; sourceTree = "<group>"; };
		068E35922528C04200EF2CA3 /* MacroDef.h */ = {isa = PBXFileReference; fileEncoding = 4; lastKnownFileType = sourcecode.c.h; path = MacroDef.h; sourceTree = "<group>"; };
		068E35932528C04200EF2CA3 /* Ctx.mm */ = {isa = PBXFileReference; fileEncoding = 4; lastKnownFileType = sourcecode.cpp.objcpp; path = Ctx.mm; sourceTree = "<group>"; };
		068E35942528C04200EF2CA3 /* Config.mm */ = {isa = PBXFileReference; fileEncoding = 4; lastKnownFileType = sourcecode.cpp.objcpp; path = Config.mm; sourceTree = "<group>"; };
		068E35952528C04200EF2CA3 /* ProcessSys.h */ = {isa = PBXFileReference; fileEncoding = 4; lastKnownFileType = sourcecode.c.h; path = ProcessSys.h; sourceTree = "<group>"; };
		068E35962528C04200EF2CA3 /* GlobalDelegate.h */ = {isa = PBXFileReference; fileEncoding = 4; lastKnownFileType = sourcecode.c.h; path = GlobalDelegate.h; sourceTree = "<group>"; };
		068E35972528C04200EF2CA3 /* GlobalDelegate.mm */ = {isa = PBXFileReference; fileEncoding = 4; lastKnownFileType = sourcecode.cpp.objcpp; path = GlobalDelegate.mm; sourceTree = "<group>"; };
		068E35982528C04200EF2CA3 /* ShareData.h */ = {isa = PBXFileReference; fileEncoding = 4; lastKnownFileType = sourcecode.c.h; path = ShareData.h; sourceTree = "<group>"; };
		068E35992528C04200EF2CA3 /* ShareData.mm */ = {isa = PBXFileReference; fileEncoding = 4; lastKnownFileType = sourcecode.cpp.objcpp; path = ShareData.mm; sourceTree = "<group>"; };
		068E359A2528C04200EF2CA3 /* IMyDispose.h */ = {isa = PBXFileReference; fileEncoding = 4; lastKnownFileType = sourcecode.c.h; path = IMyDispose.h; sourceTree = "<group>"; };
		068E359B2528C04200EF2CA3 /* EngineLoop.mm */ = {isa = PBXFileReference; fileEncoding = 4; lastKnownFileType = sourcecode.cpp.objcpp; path = EngineLoop.mm; sourceTree = "<group>"; };
		068E359C2528C04200EF2CA3 /* Ctx.h */ = {isa = PBXFileReference; fileEncoding = 4; lastKnownFileType = sourcecode.c.h; path = Ctx.h; sourceTree = "<group>"; };
		068E359D2528C04200EF2CA3 /* EngineLoop.h */ = {isa = PBXFileReference; fileEncoding = 4; lastKnownFileType = sourcecode.c.h; path = EngineLoop.h; sourceTree = "<group>"; };
		068E359F2528C04200EF2CA3 /* CallOnceEventDispatch.mm */ = {isa = PBXFileReference; fileEncoding = 4; lastKnownFileType = sourcecode.cpp.objcpp; path = CallOnceEventDispatch.mm; sourceTree = "<group>"; };
		068E35A02528C04200EF2CA3 /* IDispatchObject.h */ = {isa = PBXFileReference; fileEncoding = 4; lastKnownFileType = sourcecode.c.h; path = IDispatchObject.h; sourceTree = "<group>"; };
		068E35A12528C04200EF2CA3 /* AddOnceAndCallOnceEventDispatch.mm */ = {isa = PBXFileReference; fileEncoding = 4; lastKnownFileType = sourcecode.cpp.objcpp; path = AddOnceAndCallOnceEventDispatch.mm; sourceTree = "<group>"; };
		068E35A22528C04200EF2CA3 /* ResInsEventDispatch.mm */ = {isa = PBXFileReference; fileEncoding = 4; lastKnownFileType = sourcecode.cpp.objcpp; path = ResInsEventDispatch.mm; sourceTree = "<group>"; };
		068E35A32528C04200EF2CA3 /* ResInsEventDispatch.h */ = {isa = PBXFileReference; fileEncoding = 4; lastKnownFileType = sourcecode.c.h; path = ResInsEventDispatch.h; sourceTree = "<group>"; };
		068E35A42528C04200EF2CA3 /* AddOnceEventDispatch.mm */ = {isa = PBXFileReference; fileEncoding = 4; lastKnownFileType = sourcecode.cpp.objcpp; path = AddOnceEventDispatch.mm; sourceTree = "<group>"; };
		068E35A52528C04200EF2CA3 /* EventDispatchGroup.mm */ = {isa = PBXFileReference; fileEncoding = 4; lastKnownFileType = sourcecode.cpp.objcpp; path = EventDispatchGroup.mm; sourceTree = "<group>"; };
		068E35A62528C04200EF2CA3 /* AddOnceEventDispatch.h */ = {isa = PBXFileReference; fileEncoding = 4; lastKnownFileType = sourcecode.c.h; path = AddOnceEventDispatch.h; sourceTree = "<group>"; };
		068E35A72528C04200EF2CA3 /* ResEventDispatch.mm */ = {isa = PBXFileReference; fileEncoding = 4; lastKnownFileType = sourcecode.cpp.objcpp; path = ResEventDispatch.mm; sourceTree = "<group>"; };
		068E35A82528C04200EF2CA3 /* AddOnceAndCallOnceEventDispatch.h */ = {isa = PBXFileReference; fileEncoding = 4; lastKnownFileType = sourcecode.c.h; path = AddOnceAndCallOnceEventDispatch.h; sourceTree = "<group>"; };
		068E35A92528C04200EF2CA3 /* EventDispatchGroup.h */ = {isa = PBXFileReference; fileEncoding = 4; lastKnownFileType = sourcecode.c.h; path = EventDispatchGroup.h; sourceTree = "<group>"; };
		068E35AA2528C04200EF2CA3 /* EventDispatchFunctionObject.mm */ = {isa = PBXFileReference; fileEncoding = 4; lastKnownFileType = sourcecode.cpp.objcpp; path = EventDispatchFunctionObject.mm; sourceTree = "<group>"; };
		068E35AB2528C04200EF2CA3 /* ICalleeObjectNoRetNoParam.h */ = {isa = PBXFileReference; fileEncoding = 4; lastKnownFileType = sourcecode.c.h; path = ICalleeObjectNoRetNoParam.h; sourceTree = "<group>"; };
		068E35AC2528C04200EF2CA3 /* EventDispatch.h */ = {isa = PBXFileReference; fileEncoding = 4; lastKnownFileType = sourcecode.c.h; path = EventDispatch.h; sourceTree = "<group>"; };
		068E35AD2528C04200EF2CA3 /* CallOnceEventDispatch.h */ = {isa = PBXFileReference; fileEncoding = 4; lastKnownFileType = sourcecode.c.h; path = CallOnceEventDispatch.h; sourceTree = "<group>"; };
		068E35AE2528C04200EF2CA3 /* ICalleeObject.h */ = {isa = PBXFileReference; fileEncoding = 4; lastKnownFileType = sourcecode.c.h; path = ICalleeObject.h; sourceTree = "<group>"; };
		068E35AF2528C04200EF2CA3 /* ResEventDispatch.h */ = {isa = PBXFileReference; fileEncoding = 4; lastKnownFileType = sourcecode.c.h; path = ResEventDispatch.h; sourceTree = "<group>"; };
		068E35B02528C04200EF2CA3 /* EventDispatchFunctionObject.h */ = {isa = PBXFileReference; fileEncoding = 4; lastKnownFileType = sourcecode.c.h; path = EventDispatchFunctionObject.h; sourceTree = "<group>"; };
		068E35B12528C04200EF2CA3 /* EventDispatch.mm */ = {isa = PBXFileReference; fileEncoding = 4; lastKnownFileType = sourcecode.cpp.objcpp; path = EventDispatch.mm; sourceTree = "<group>"; };
		068E35B32528C04200EF2CA3 /* SocketCloseedMR.mm */ = {isa = PBXFileReference; fileEncoding = 4; lastKnownFileType = sourcecode.cpp.objcpp; path = SocketCloseedMR.mm; sourceTree = "<group>"; };
		068E35B42528C04200EF2CA3 /* SocketOpenedMR.mm */ = {isa = PBXFileReference; fileEncoding = 4; lastKnownFileType = sourcecode.cpp.objcpp; path = SocketOpenedMR.mm; sourceTree = "<group>"; };
		068E35B52528C04200EF2CA3 /* MsgRouteHandleBase.mm */ = {isa = PBXFileReference; fileEncoding = 4; lastKnownFileType = sourcecode.cpp.objcpp; path = MsgRouteHandleBase.mm; sourceTree = "<group>"; };
		068E35B62528C04200EF2CA3 /* MsgRouteNotify.h */ = {isa = PBXFileReference; fileEncoding = 4; lastKnownFileType = sourcecode.c.h; path = MsgRouteNotify.h; sourceTree = "<group>"; };
		068E35B72528C04200EF2CA3 /* SysMsgRoute.mm */ = {isa = PBXFileReference; fileEncoding = 4; lastKnownFileType = sourcecode.cpp.objcpp; path = SysMsgRoute.mm; sourceTree = "<group>"; };
		068E35B82528C04200EF2CA3 /* MsgRouteHandleBase.h */ = {isa = PBXFileReference; fileEncoding = 4; lastKnownFileType = sourcecode.c.h; path = MsgRouteHandleBase.h; sourceTree = "<group>"; };
		068E35B92528C04200EF2CA3 /* MsgRouteID.h */ = {isa = PBXFileReference; fileEncoding = 4; lastKnownFileType = sourcecode.c.h; path = MsgRouteID.h; sourceTree = "<group>"; };
		068E35BA2528C04200EF2CA3 /* ThreadLogMR.mm */ = {isa = PBXFileReference; fileEncoding = 4; lastKnownFileType = sourcecode.cpp.objcpp; path = ThreadLogMR.mm; sourceTree = "<group>"; };
		068E35BB2528C04200EF2CA3 /* MsgRouteDispHandle.h */ = {isa = PBXFileReference; fileEncoding = 4; lastKnownFileType = sourcecode.c.h; path = MsgRouteDispHandle.h; sourceTree = "<group>"; };
		068E35BC2528C04200EF2CA3 /* ThreadLogMR.h */ = {isa = PBXFileReference; fileEncoding = 4; lastKnownFileType = sourcecode.c.h; path = ThreadLogMR.h; sourceTree = "<group>"; };
		068E35BD2528C04200EF2CA3 /* SocketCloseedMR.h */ = {isa = PBXFileReference; fileEncoding = 4; lastKnownFileType = sourcecode.c.h; path = SocketCloseedMR.h; sourceTree = "<group>"; };
		068E35BE2528C04200EF2CA3 /* MsgRouteType.h */ = {isa = PBXFileReference; fileEncoding = 4; lastKnownFileType = sourcecode.c.h; path = MsgRouteType.h; sourceTree = "<group>"; };
		068E35BF2528C04200EF2CA3 /* LoadedWebResMR.mm */ = {isa = PBXFileReference; fileEncoding = 4; lastKnownFileType = sourcecode.cpp.objcpp; path = LoadedWebResMR.mm; sourceTree = "<group>"; };
		068E35C02528C04200EF2CA3 /* MsgRouteBase.mm */ = {isa = PBXFileReference; fileEncoding = 4; lastKnownFileType = sourcecode.cpp.objcpp; path = MsgRouteBase.mm; sourceTree = "<group>"; };
		068E35C12528C04200EF2CA3 /* MsgRouteBase.h */ = {isa = PBXFileReference; fileEncoding = 4; lastKnownFileType = sourcecode.c.h; path = MsgRouteBase.h; sourceTree = "<group>"; };
		068E35C22528C04200EF2CA3 /* SysMsgRoute.h */ = {isa = PBXFileReference; fileEncoding = 4; lastKnownFileType = sourcecode.c.h; path = SysMsgRoute.h; sourceTree = "<group>"; };
		068E35C32528C04200EF2CA3 /* MsgRouteNotify.mm */ = {isa = PBXFileReference; fileEncoding = 4; lastKnownFileType = sourcecode.cpp.objcpp; path = MsgRouteNotify.mm; sourceTree = "<group>"; };
		068E35C42528C04200EF2CA3 /* SocketOpenedMR.h */ = {isa = PBXFileReference; fileEncoding = 4; lastKnownFileType = sourcecode.c.h; path = SocketOpenedMR.h; sourceTree = "<group>"; };
		068E35C52528C04200EF2CA3 /* LoadedWebResMR.h */ = {isa = PBXFileReference; fileEncoding = 4; lastKnownFileType = sourcecode.c.h; path = LoadedWebResMR.h; sourceTree = "<group>"; };
		068E35C62528C04200EF2CA3 /* MsgRouteDispHandle.mm */ = {isa = PBXFileReference; fileEncoding = 4; lastKnownFileType = sourcecode.cpp.objcpp; path = MsgRouteDispHandle.mm; sourceTree = "<group>"; };
		068E35C82528C04200EF2CA3 /* MSeekOrigin.h */ = {isa = PBXFileReference; fileEncoding = 4; lastKnownFileType = sourcecode.c.h; path = MSeekOrigin.h; sourceTree = "<group>"; };
		068E35C92528C04200EF2CA3 /* MFileStream.mm */ = {isa = PBXFileReference; fileEncoding = 4; lastKnownFileType = sourcecode.cpp.objcpp; path = MFileStream.mm; sourceTree = "<group>"; };
		068E35CA2528C04200EF2CA3 /* MFileStream.h */ = {isa = PBXFileReference; fileEncoding = 4; lastKnownFileType = sourcecode.c.h; path = MFileStream.h; sourceTree = "<group>"; };
		068E35CB2528C04200EF2CA3 /* FileOpState.h */ = {isa = PBXFileReference; fileEncoding = 4; lastKnownFileType = sourcecode.c.h; path = FileOpState.h; sourceTree = "<group>"; };
		068E35CD2528C04200EF2CA3 /* IDelayHandleItem.h */ = {isa = PBXFileReference; fileEncoding = 4; lastKnownFileType = sourcecode.c.h; path = IDelayHandleItem.h; sourceTree = "<group>"; };
		068E35CE2528C04200EF2CA3 /* DelayHandleMgrBase.h */ = {isa = PBXFileReference; fileEncoding = 4; lastKnownFileType = sourcecode.c.h; path = DelayHandleMgrBase.h; sourceTree = "<group>"; };
		068E35CF2528C04200EF2CA3 /* DelayHandleParamBase.h */ = {isa = PBXFileReference; fileEncoding = 4; lastKnownFileType = sourcecode.c.h; path = DelayHandleParamBase.h; sourceTree = "<group>"; };
		068E35D02528C04200EF2CA3 /* DelayDelParam.h */ = {isa = PBXFileReference; fileEncoding = 4; lastKnownFileType = sourcecode.c.h; path = DelayDelParam.h; sourceTree = "<group>"; };
		068E35D12528C04200EF2CA3 /* DelayAddParam.mm */ = {isa = PBXFileReference; fileEncoding = 4; lastKnownFileType = sourcecode.cpp.objcpp; path = DelayAddParam.mm; sourceTree = "<group>"; };
		068E35D22528C04200EF2CA3 /* DelayHandleObject.mm */ = {isa = PBXFileReference; fileEncoding = 4; lastKnownFileType = sourcecode.cpp.objcpp; path = DelayHandleObject.mm; sourceTree = "<group>"; };
		068E35D32528C04200EF2CA3 /* DelayHandleObject.h */ = {isa = PBXFileReference; fileEncoding = 4; lastKnownFileType = sourcecode.c.h; path = DelayHandleObject.h; sourceTree = "<group>"; };
		068E35D42528C04200EF2CA3 /* DelayDelParam.mm */ = {isa = PBXFileReference; fileEncoding = 4; lastKnownFileType = sourcecode.cpp.objcpp; path = DelayDelParam.mm; sourceTree = "<group>"; };
		068E35D52528C04200EF2CA3 /* DelayHandleMgrBase.mm */ = {isa = PBXFileReference; fileEncoding = 4; lastKnownFileType = sourcecode.cpp.objcpp; path = DelayHandleMgrBase.mm; sourceTree = "<group>"; };
		068E35D62528C04200EF2CA3 /* DelayAddParam.h */ = {isa = PBXFileReference; fileEncoding = 4; lastKnownFileType = sourcecode.c.h; path = DelayAddParam.h; sourceTree = "<group>"; };
		068E35D72528C04200EF2CA3 /* DelayHandleParamBase.mm */ = {isa = PBXFileReference; fileEncoding = 4; lastKnownFileType = sourcecode.cpp.objcpp; path = DelayHandleParamBase.mm; sourceTree = "<group>"; };
		068E35D92528C04200EF2CA3 /* TimeInterval.h */ = {isa = PBXFileReference; fileEncoding = 4; lastKnownFileType = sourcecode.c.h; path = TimeInterval.h; sourceTree = "<group>"; };
		068E35DA2528C04200EF2CA3 /* TickObjectMgrBase.mm */ = {isa = PBXFileReference; fileEncoding = 4; lastKnownFileType = sourcecode.cpp.objcpp; path = TickObjectMgrBase.mm; sourceTree = "<group>"; };
		068E35DB2528C04200EF2CA3 /* SystemTimeData.h */ = {isa = PBXFileReference; fileEncoding = 4; lastKnownFileType = sourcecode.c.h; path = SystemTimeData.h; sourceTree = "<group>"; };
		068E35DC2528C04200EF2CA3 /* CountDownTimer.h */ = {isa = PBXFileReference; fileEncoding = 4; lastKnownFileType = sourcecode.c.h; path = CountDownTimer.h; sourceTree = "<group>"; };
		068E35DD2528C04200EF2CA3 /* TimerType.h */ = {isa = PBXFileReference; fileEncoding = 4; lastKnownFileType = sourcecode.c.h; path = TimerType.h; sourceTree = "<group>"; };
		068E35DE2528C04200EF2CA3 /* SystemTimeData.mm */ = {isa = PBXFileReference; fileEncoding = 4; lastKnownFileType = sourcecode.cpp.objcpp; path = SystemTimeData.mm; sourceTree = "<group>"; };
		068E35DF2528C04200EF2CA3 /* TimeInterval.mm */ = {isa = PBXFileReference; fileEncoding = 4; lastKnownFileType = sourcecode.cpp.objcpp; path = TimeInterval.mm; sourceTree = "<group>"; };
		068E35E02528C04200EF2CA3 /* TickMgr.h */ = {isa = PBXFileReference; fileEncoding = 4; lastKnownFileType = sourcecode.c.h; path = TickMgr.h; sourceTree = "<group>"; };
		068E35E12528C04200EF2CA3 /* TickMgr.mm */ = {isa = PBXFileReference; fileEncoding = 4; lastKnownFileType = sourcecode.cpp.objcpp; path = TickMgr.mm; sourceTree = "<group>"; };
		068E35E22528C04200EF2CA3 /* FixedTickMgr.h */ = {isa = PBXFileReference; fileEncoding = 4; lastKnownFileType = sourcecode.c.h; path = FixedTickMgr.h; sourceTree = "<group>"; };
		068E35E32528C04200EF2CA3 /* TimerFunctionObject.mm */ = {isa = PBXFileReference; fileEncoding = 4; lastKnownFileType = sourcecode.cpp.objcpp; path = TimerFunctionObject.mm; sourceTree = "<group>"; };
		068E35E42528C04200EF2CA3 /* ICalleeObjectFrameTimer.h */ = {isa = PBXFileReference; fileEncoding = 4; lastKnownFileType = sourcecode.c.h; path = ICalleeObjectFrameTimer.h; sourceTree = "<group>"; };
		068E35E52528C04200EF2CA3 /* LoopDepth.mm */ = {isa = PBXFileReference; fileEncoding = 4; lastKnownFileType = sourcecode.cpp.objcpp; path = LoopDepth.mm; sourceTree = "<group>"; };
		068E35E62528C04200EF2CA3 /* LoopDepth.h */ = {isa = PBXFileReference; fileEncoding = 4; lastKnownFileType = sourcecode.c.h; path = LoopDepth.h; sourceTree = "<group>"; };
		068E35E72528C04200EF2CA3 /* TimerFunctionObject.h */ = {isa = PBXFileReference; fileEncoding = 4; lastKnownFileType = sourcecode.c.h; path = TimerFunctionObject.h; sourceTree = "<group>"; };
		068E35E82528C04200EF2CA3 /* TickPriority.h */ = {isa = PBXFileReference; fileEncoding = 4; lastKnownFileType = sourcecode.c.h; path = TickPriority.h; sourceTree = "<group>"; };
		068E35E92528C04200EF2CA3 /* ICalleeObjectTimer.h */ = {isa = PBXFileReference; fileEncoding = 4; lastKnownFileType = sourcecode.c.h; path = ICalleeObjectTimer.h; sourceTree = "<group>"; };
		068E35EA2528C04200EF2CA3 /* TickObjectMgrBase.h */ = {isa = PBXFileReference; fileEncoding = 4; lastKnownFileType = sourcecode.c.h; path = TickObjectMgrBase.h; sourceTree = "<group>"; };
		068E35EB2528C04200EF2CA3 /* FrameTimerMgr.mm */ = {isa = PBXFileReference; fileEncoding = 4; lastKnownFileType = sourcecode.cpp.objcpp; path = FrameTimerMgr.mm; sourceTree = "<group>"; };
		068E35EC2528C04200EF2CA3 /* TimerItemBase.mm */ = {isa = PBXFileReference; fileEncoding = 4; lastKnownFileType = sourcecode.cpp.objcpp; path = TimerItemBase.mm; sourceTree = "<group>"; };
		068E35ED2528C04200EF2CA3 /* LogicTickMgr.mm */ = {isa = PBXFileReference; fileEncoding = 4; lastKnownFileType = sourcecode.cpp.objcpp; path = LogicTickMgr.mm; sourceTree = "<group>"; };
		068E35EE2528C04200EF2CA3 /* LogicTickMgr.h */ = {isa = PBXFileReference; fileEncoding = 4; lastKnownFileType = sourcecode.c.h; path = LogicTickMgr.h; sourceTree = "<group>"; };
		068E35EF2528C04200EF2CA3 /* CountDownTimer.mm */ = {isa = PBXFileReference; fileEncoding = 4; lastKnownFileType = sourcecode.cpp.objcpp; path = CountDownTimer.mm; sourceTree = "<group>"; };
		068E35F02528C04200EF2CA3 /* SystemFrameData.h */ = {isa = PBXFileReference; fileEncoding = 4; lastKnownFileType = sourcecode.c.h; path = SystemFrameData.h; sourceTree = "<group>"; };
		068E35F12528C04200EF2CA3 /* TimerItemBase.h */ = {isa = PBXFileReference; fileEncoding = 4; lastKnownFileType = sourcecode.c.h; path = TimerItemBase.h; sourceTree = "<group>"; };
		068E35F22528C04200EF2CA3 /* FrameTimerItem.mm */ = {isa = PBXFileReference; fileEncoding = 4; lastKnownFileType = sourcecode.cpp.objcpp; path = FrameTimerItem.mm; sourceTree = "<group>"; };
		068E35F32528C04200EF2CA3 /* FrameTimerMgr.h */ = {isa = PBXFileReference; fileEncoding = 4; lastKnownFileType = sourcecode.c.h; path = FrameTimerMgr.h; sourceTree = "<group>"; };
		068E35F42528C04200EF2CA3 /* TimerMgr.mm */ = {isa = PBXFileReference; fileEncoding = 4; lastKnownFileType = sourcecode.cpp.objcpp; path = TimerMgr.mm; sourceTree = "<group>"; };
		068E35F52528C04200EF2CA3 /* ITickedObject.h */ = {isa = PBXFileReference; fileEncoding = 4; lastKnownFileType = sourcecode.c.h; path = ITickedObject.h; sourceTree = "<group>"; };
		068E35F62528C04200EF2CA3 /* TimerMgr.h */ = {isa = PBXFileReference; fileEncoding = 4; lastKnownFileType = sourcecode.c.h; path = TimerMgr.h; sourceTree = "<group>"; };
		068E35F72528C04200EF2CA3 /* TickProcessObject.mm */ = {isa = PBXFileReference; fileEncoding = 4; lastKnownFileType = sourcecode.cpp.objcpp; path = TickProcessObject.mm; sourceTree = "<group>"; };
		068E35F82528C04200EF2CA3 /* TickProcessObject.h */ = {isa = PBXFileReference; fileEncoding = 4; lastKnownFileType = sourcecode.c.h; path = TickProcessObject.h; sourceTree = "<group>"; };
		068E35F92528C04200EF2CA3 /* SystemFrameData.mm */ = {isa = PBXFileReference; fileEncoding = 4; lastKnownFileType = sourcecode.cpp.objcpp; path = SystemFrameData.mm; sourceTree = "<group>"; };
		068E35FA2528C04200EF2CA3 /* FixedTickMgr.mm */ = {isa = PBXFileReference; fileEncoding = 4; lastKnownFileType = sourcecode.cpp.objcpp; path = FixedTickMgr.mm; sourceTree = "<group>"; };
		068E35FB2528C04200EF2CA3 /* FrameTimerItem.h */ = {isa = PBXFileReference; fileEncoding = 4; lastKnownFileType = sourcecode.c.h; path = FrameTimerItem.h; sourceTree = "<group>"; };
		068E35FD2528C04200EF2CA3 /* DynByteBuffer.h */ = {isa = PBXFileReference; fileEncoding = 4; lastKnownFileType = sourcecode.c.h; path = DynByteBuffer.h; sourceTree = "<group>"; };
		068E35FE2528C04200EF2CA3 /* DynBuffer.h */ = {isa = PBXFileReference; fileEncoding = 4; lastKnownFileType = sourcecode.c.h; path = DynBuffer.h; sourceTree = "<group>"; };
		068E35FF2528C04200EF2CA3 /* ByteBuffer.mm */ = {isa = PBXFileReference; fileEncoding = 4; lastKnownFileType = sourcecode.cpp.objcpp; path = ByteBuffer.mm; sourceTree = "<group>"; };
		068E36002528C04200EF2CA3 /* CircularBuffer.h */ = {isa = PBXFileReference; fileEncoding = 4; lastKnownFileType = sourcecode.c.h; path = CircularBuffer.h; sourceTree = "<group>"; };
		068E36012528C04200EF2CA3 /* MList.mm */ = {isa = PBXFileReference; fileEncoding = 4; lastKnownFileType = sourcecode.cpp.objcpp; path = MList.mm; sourceTree = "<group>"; };
		068E36022528C04200EF2CA3 /* ByteBuffer.h */ = {isa = PBXFileReference; fileEncoding = 4; lastKnownFileType = sourcecode.c.h; path = ByteBuffer.h; sourceTree = "<group>"; };
		068E36032528C04200EF2CA3 /* DynByteBuffer.mm */ = {isa = PBXFileReference; fileEncoding = 4; lastKnownFileType = sourcecode.cpp.objcpp; path = DynByteBuffer.mm; sourceTree = "<group>"; };
		068E36042528C04200EF2CA3 /* MsgCV.h */ = {isa = PBXFileReference; fileEncoding = 4; lastKnownFileType = sourcecode.c.h; path = MsgCV.h; sourceTree = "<group>"; };
		068E36052528C04200EF2CA3 /* DynBufResizePolicy.h */ = {isa = PBXFileReference; fileEncoding = 4; lastKnownFileType = sourcecode.c.h; path = DynBufResizePolicy.h; sourceTree = "<group>"; };
		068E36062528C04200EF2CA3 /* MsgBuffer.mm */ = {isa = PBXFileReference; fileEncoding = 4; lastKnownFileType = sourcecode.cpp.objcpp; path = MsgBuffer.mm; sourceTree = "<group>"; };
		068E36072528C04200EF2CA3 /* MsgBuffer.h */ = {isa = PBXFileReference; fileEncoding = 4; lastKnownFileType = sourcecode.c.h; path = MsgBuffer.h; sourceTree = "<group>"; };
		068E36082528C04200EF2CA3 /* CircularBuffer.mm */ = {isa = PBXFileReference; fileEncoding = 4; lastKnownFileType = sourcecode.cpp.objcpp; path = CircularBuffer.mm; sourceTree = "<group>"; };
		068E36092528C04200EF2CA3 /* MList.h */ = {isa = PBXFileReference; fileEncoding = 4; lastKnownFileType = sourcecode.c.h; path = MList.h; sourceTree = "<group>"; };
		068E360A2528C04200EF2CA3 /* DynBufResizePolicy.mm */ = {isa = PBXFileReference; fileEncoding = 4; lastKnownFileType = sourcecode.cpp.objcpp; path = DynBufResizePolicy.mm; sourceTree = "<group>"; };
		068E360B2528C04200EF2CA3 /* MDictionary.mm */ = {isa = PBXFileReference; fileEncoding = 4; lastKnownFileType = sourcecode.cpp.objcpp; path = MDictionary.mm; sourceTree = "<group>"; };
		068E360C2528C04200EF2CA3 /* ClientBuffer.mm */ = {isa = PBXFileReference; fileEncoding = 4; lastKnownFileType = sourcecode.cpp.objcpp; path = ClientBuffer.mm; sourceTree = "<group>"; };
		068E360D2528C04200EF2CA3 /* ClientBuffer.h */ = {isa = PBXFileReference; fileEncoding = 4; lastKnownFileType = sourcecode.c.h; path = ClientBuffer.h; sourceTree = "<group>"; };
		068E360E2528C04200EF2CA3 /* BufferCV.h */ = {isa = PBXFileReference; fileEncoding = 4; lastKnownFileType = sourcecode.c.h; path = BufferCV.h; sourceTree = "<group>"; };
		068E360F2528C04200EF2CA3 /* DynBuffer.mm */ = {isa = PBXFileReference; fileEncoding = 4; lastKnownFileType = sourcecode.cpp.objcpp; path = DynBuffer.mm; sourceTree = "<group>"; };
		068E36102528C04200EF2CA3 /* MDictionary.h */ = {isa = PBXFileReference; fileEncoding = 4; lastKnownFileType = sourcecode.c.h; path = MDictionary.h; sourceTree = "<group>"; };
		068E36122528C04200EF2CA3 /* UniqueStrIdGen.h */ = {isa = PBXFileReference; fileEncoding = 4; lastKnownFileType = sourcecode.c.h; path = UniqueStrIdGen.h; sourceTree = "<group>"; };
		068E36132528C04200EF2CA3 /* UniqueStrIdGen.mm */ = {isa = PBXFileReference; fileEncoding = 4; lastKnownFileType = sourcecode.cpp.objcpp; path = UniqueStrIdGen.mm; sourceTree = "<group>"; };
		068E36142528C04200EF2CA3 /* UniqueNumIdGen.h */ = {isa = PBXFileReference; fileEncoding = 4; lastKnownFileType = sourcecode.c.h; path = UniqueNumIdGen.h; sourceTree = "<group>"; };
		068E36152528C04200EF2CA3 /* GObject.mm */ = {isa = PBXFileReference; fileEncoding = 4; lastKnownFileType = sourcecode.cpp.objcpp; path = GObject.mm; sourceTree = "<group>"; };
		068E36162528C04200EF2CA3 /* UniqueNumIdGen.mm */ = {isa = PBXFileReference; fileEncoding = 4; lastKnownFileType = sourcecode.cpp.objcpp; path = UniqueNumIdGen.mm; sourceTree = "<group>"; };
		068E36172528C04200EF2CA3 /* GObject.h */ = {isa = PBXFileReference; fileEncoding = 4; lastKnownFileType = sourcecode.c.h; path = GObject.h; sourceTree = "<group>"; };
		068E361A2528C04200EF2CA3 /* TestMain.h */ = {isa = PBXFileReference; fileEncoding = 4; lastKnownFileType = sourcecode.c.h; path = TestMain.h; sourceTree = "<group>"; };
		068E361B2528C04200EF2CA3 /* TestBase.h */ = {isa = PBXFileReference; fileEncoding = 4; lastKnownFileType = sourcecode.c.h; path = TestBase.h; sourceTree = "<group>"; };
		068E361C2528C04200EF2CA3 /* TestBase.mm */ = {isa = PBXFileReference; fileEncoding = 4; lastKnownFileType = sourcecode.cpp.objcpp; path = TestBase.mm; sourceTree = "<group>"; };
		068E361D2528C04200EF2CA3 /* TestMain.mm */ = {isa = PBXFileReference; fileEncoding = 4; lastKnownFileType = sourcecode.cpp.objcpp; path = TestMain.mm; sourceTree = "<group>"; };
		068E361F2528C04200EF2CA3 /* TestA.h */ = {isa = PBXFileReference; fileEncoding = 4; lastKnownFileType = sourcecode.c.h; path = TestA.h; sourceTree = "<group>"; };
		068E36202528C04200EF2CA3 /* TestA.mm */ = {isa = PBXFileReference; fileEncoding = 4; lastKnownFileType = sourcecode.cpp.objcpp; path = TestA.mm; sourceTree = "<group>"; };
		068E36222528C04200EF2CA3 /* TestSyntaxClassAa.h */ = {isa = PBXFileReference; fileEncoding = 4; lastKnownFileType = sourcecode.c.h; path = TestSyntaxClassAa.h; sourceTree = "<group>"; };
		068E36232528C04200EF2CA3 /* TestSyntaxClassAa.mm */ = {isa = PBXFileReference; fileEncoding = 4; lastKnownFileType = sourcecode.cpp.objcpp; path = TestSyntaxClassAa.mm; sourceTree = "<group>"; };
		068E36242528C04200EF2CA3 /* TestSyntax.mm */ = {isa = PBXFileReference; fileEncoding = 4; lastKnownFileType = sourcecode.cpp.objcpp; path = TestSyntax.mm; sourceTree = "<group>"; };
		068E36252528C04200EF2CA3 /* TestSyntax.h */ = {isa = PBXFileReference; fileEncoding = 4; lastKnownFileType = sourcecode.c.h; path = TestSyntax.h; sourceTree = "<group>"; };
		068E36282528C04200EF2CA3 /* AppFrame.mm */ = {isa = PBXFileReference; fileEncoding = 4; lastKnownFileType = sourcecode.cpp.objcpp; path = AppFrame.mm; sourceTree = "<group>"; };
		068E36292528C04200EF2CA3 /* AppFrame.h */ = {isa = PBXFileReference; fileEncoding = 4; lastKnownFileType = sourcecode.c.h; path = AppFrame.h; sourceTree = "<group>"; };
		068E362C2528C04200EF2CA3 /* MainEntry.mm */ = {isa = PBXFileReference; fileEncoding = 4; lastKnownFileType = sourcecode.cpp.objcpp; path = MainEntry.mm; sourceTree = "<group>"; };
		068E362D2528C04200EF2CA3 /* MainEntry.h */ = {isa = PBXFileReference; fileEncoding = 4; lastKnownFileType = sourcecode.c.h; path = MainEntry.h; sourceTree = "<group>"; };
		068E362E2528C04200EF2CA3 /* main.mm */ = {isa = PBXFileReference; fileEncoding = 4; lastKnownFileType = sourcecode.cpp.objcpp; path = main.mm; sourceTree = "<group>"; };
		2F8315E81E5AB5BE0054D1F8 /* TestLibs */ = {isa = PBXFileReference; explicitFileType = "compiled.mach-o.executable"; includeInIndex = 0; path = TestLibs; sourceTree = BUILT_PRODUCTS_DIR; };
/* End PBXFileReference section */

/* Begin PBXFrameworksBuildPhase section */
		2F8315E51E5AB5BE0054D1F8 /* Frameworks */ = {
			isa = PBXFrameworksBuildPhase;
			buildActionMask = 2147483647;
			files = (
			);
			runOnlyForDeploymentPostprocessing = 0;
		};
/* End PBXFrameworksBuildPhase section */

/* Begin PBXGroup section */
		068E357C2528C04200EF2CA3 /* TestLibs */ = {
			isa = PBXGroup;
			children = (
				068E357D2528C04200EF2CA3 /* MyLibs */,
				068E36182528C04200EF2CA3 /* Test */,
				068E36262528C04200EF2CA3 /* Module */,
				068E362E2528C04200EF2CA3 /* main.mm */,
			);
			path = TestLibs;
			sourceTree = "<group>";
		};
		068E357D2528C04200EF2CA3 /* MyLibs */ = {
			isa = PBXGroup;
			children = (
				068E357E2528C04200EF2CA3 /* Tools */,
				068E358D2528C04200EF2CA3 /* FrameWork */,
				068E359E2528C04200EF2CA3 /* EventHandle */,
				068E35B22528C04200EF2CA3 /* MsgRoute */,
				068E35C72528C04200EF2CA3 /* FileSystem */,
				068E35CC2528C04200EF2CA3 /* DelayHandle */,
				068E35D82528C04200EF2CA3 /* FrameHandle */,
				068E35FC2528C04200EF2CA3 /* DataStruct */,
				068E36112528C04200EF2CA3 /* Base */,
			);
			path = MyLibs;
			sourceTree = "<group>";
		};
		068E357E2528C04200EF2CA3 /* Tools */ = {
			isa = PBXGroup;
			children = (
				068E357F2528C04200EF2CA3 /* SystemEndian.h */,
				068E35802528C04200EF2CA3 /* MEncoding.mm */,
				068E35812528C04200EF2CA3 /* UtilLog.mm */,
				068E35822528C04200EF2CA3 /* UtilStr.mm */,
				068E35832528C04200EF2CA3 /* EEndian.h */,
				068E35842528C04200EF2CA3 /* UtilSysLibsWrap.mm */,
				068E35852528C04200EF2CA3 /* SystemEndian.mm */,
				068E35862528C04200EF2CA3 /* GkEncode.h */,
				068E35872528C04200EF2CA3 /* UtilLog.h */,
				068E35882528C04200EF2CA3 /* MEncoding.h */,
				068E35892528C04200EF2CA3 /* MBitConverter.h */,
				068E358A2528C04200EF2CA3 /* UtilStr.h */,
				068E358B2528C04200EF2CA3 /* MBitConverter.mm */,
				068E358C2528C04200EF2CA3 /* UtilSysLibsWrap.h */,
			);
			path = Tools;
			sourceTree = "<group>";
		};
		068E358D2528C04200EF2CA3 /* FrameWork */ = {
			isa = PBXGroup;
			children = (
				068E358E2528C04200EF2CA3 /* ProcessSys.mm */,
				068E358F2528C04200EF2CA3 /* Singleton.mm */,
				068E35902528C04200EF2CA3 /* Config.h */,
				068E35912528C04200EF2CA3 /* Singleton.h */,
				068E35922528C04200EF2CA3 /* MacroDef.h */,
				068E35932528C04200EF2CA3 /* Ctx.mm */,
				068E35942528C04200EF2CA3 /* Config.mm */,
				068E35952528C04200EF2CA3 /* ProcessSys.h */,
				068E35962528C04200EF2CA3 /* GlobalDelegate.h */,
				068E35972528C04200EF2CA3 /* GlobalDelegate.mm */,
				068E35982528C04200EF2CA3 /* ShareData.h */,
				068E35992528C04200EF2CA3 /* ShareData.mm */,
				068E359A2528C04200EF2CA3 /* IMyDispose.h */,
				068E359B2528C04200EF2CA3 /* EngineLoop.mm */,
				068E359C2528C04200EF2CA3 /* Ctx.h */,
				068E359D2528C04200EF2CA3 /* EngineLoop.h */,
			);
			path = FrameWork;
			sourceTree = "<group>";
		};
		068E359E2528C04200EF2CA3 /* EventHandle */ = {
			isa = PBXGroup;
			children = (
				068E359F2528C04200EF2CA3 /* CallOnceEventDispatch.mm */,
				068E35A02528C04200EF2CA3 /* IDispatchObject.h */,
				068E35A12528C04200EF2CA3 /* AddOnceAndCallOnceEventDispatch.mm */,
				068E35A22528C04200EF2CA3 /* ResInsEventDispatch.mm */,
				068E35A32528C04200EF2CA3 /* ResInsEventDispatch.h */,
				068E35A42528C04200EF2CA3 /* AddOnceEventDispatch.mm */,
				068E35A52528C04200EF2CA3 /* EventDispatchGroup.mm */,
				068E35A62528C04200EF2CA3 /* AddOnceEventDispatch.h */,
				068E35A72528C04200EF2CA3 /* ResEventDispatch.mm */,
				068E35A82528C04200EF2CA3 /* AddOnceAndCallOnceEventDispatch.h */,
				068E35A92528C04200EF2CA3 /* EventDispatchGroup.h */,
				068E35AA2528C04200EF2CA3 /* EventDispatchFunctionObject.mm */,
				068E35AB2528C04200EF2CA3 /* ICalleeObjectNoRetNoParam.h */,
				068E35AC2528C04200EF2CA3 /* EventDispatch.h */,
				068E35AD2528C04200EF2CA3 /* CallOnceEventDispatch.h */,
				068E35AE2528C04200EF2CA3 /* ICalleeObject.h */,
				068E35AF2528C04200EF2CA3 /* ResEventDispatch.h */,
				068E35B02528C04200EF2CA3 /* EventDispatchFunctionObject.h */,
				068E35B12528C04200EF2CA3 /* EventDispatch.mm */,
			);
			path = EventHandle;
			sourceTree = "<group>";
		};
		068E35B22528C04200EF2CA3 /* MsgRoute */ = {
			isa = PBXGroup;
			children = (
				068E35B32528C04200EF2CA3 /* SocketCloseedMR.mm */,
				068E35B42528C04200EF2CA3 /* SocketOpenedMR.mm */,
				068E35B52528C04200EF2CA3 /* MsgRouteHandleBase.mm */,
				068E35B62528C04200EF2CA3 /* MsgRouteNotify.h */,
				068E35B72528C04200EF2CA3 /* SysMsgRoute.mm */,
				068E35B82528C04200EF2CA3 /* MsgRouteHandleBase.h */,
				068E35B92528C04200EF2CA3 /* MsgRouteID.h */,
				068E35BA2528C04200EF2CA3 /* ThreadLogMR.mm */,
				068E35BB2528C04200EF2CA3 /* MsgRouteDispHandle.h */,
				068E35BC2528C04200EF2CA3 /* ThreadLogMR.h */,
				068E35BD2528C04200EF2CA3 /* SocketCloseedMR.h */,
				068E35BE2528C04200EF2CA3 /* MsgRouteType.h */,
				068E35BF2528C04200EF2CA3 /* LoadedWebResMR.mm */,
				068E35C02528C04200EF2CA3 /* MsgRouteBase.mm */,
				068E35C12528C04200EF2CA3 /* MsgRouteBase.h */,
				068E35C22528C04200EF2CA3 /* SysMsgRoute.h */,
				068E35C32528C04200EF2CA3 /* MsgRouteNotify.mm */,
				068E35C42528C04200EF2CA3 /* SocketOpenedMR.h */,
				068E35C52528C04200EF2CA3 /* LoadedWebResMR.h */,
				068E35C62528C04200EF2CA3 /* MsgRouteDispHandle.mm */,
			);
			path = MsgRoute;
			sourceTree = "<group>";
		};
		068E35C72528C04200EF2CA3 /* FileSystem */ = {
			isa = PBXGroup;
			children = (
				068E35C82528C04200EF2CA3 /* MSeekOrigin.h */,
				068E35C92528C04200EF2CA3 /* MFileStream.mm */,
				068E35CA2528C04200EF2CA3 /* MFileStream.h */,
				068E35CB2528C04200EF2CA3 /* FileOpState.h */,
			);
			path = FileSystem;
			sourceTree = "<group>";
		};
		068E35CC2528C04200EF2CA3 /* DelayHandle */ = {
			isa = PBXGroup;
			children = (
				068E35CD2528C04200EF2CA3 /* IDelayHandleItem.h */,
				068E35CE2528C04200EF2CA3 /* DelayHandleMgrBase.h */,
				068E35CF2528C04200EF2CA3 /* DelayHandleParamBase.h */,
				068E35D02528C04200EF2CA3 /* DelayDelParam.h */,
				068E35D12528C04200EF2CA3 /* DelayAddParam.mm */,
				068E35D22528C04200EF2CA3 /* DelayHandleObject.mm */,
				068E35D32528C04200EF2CA3 /* DelayHandleObject.h */,
				068E35D42528C04200EF2CA3 /* DelayDelParam.mm */,
				068E35D52528C04200EF2CA3 /* DelayHandleMgrBase.mm */,
				068E35D62528C04200EF2CA3 /* DelayAddParam.h */,
				068E35D72528C04200EF2CA3 /* DelayHandleParamBase.mm */,
			);
			path = DelayHandle;
			sourceTree = "<group>";
		};
		068E35D82528C04200EF2CA3 /* FrameHandle */ = {
			isa = PBXGroup;
			children = (
				068E35D92528C04200EF2CA3 /* TimeInterval.h */,
				068E35DA2528C04200EF2CA3 /* TickObjectMgrBase.mm */,
				068E35DB2528C04200EF2CA3 /* SystemTimeData.h */,
				068E35DC2528C04200EF2CA3 /* CountDownTimer.h */,
				068E35DD2528C04200EF2CA3 /* TimerType.h */,
				068E35DE2528C04200EF2CA3 /* SystemTimeData.mm */,
				068E35DF2528C04200EF2CA3 /* TimeInterval.mm */,
				068E35E02528C04200EF2CA3 /* TickMgr.h */,
				068E35E12528C04200EF2CA3 /* TickMgr.mm */,
				068E35E22528C04200EF2CA3 /* FixedTickMgr.h */,
				068E35E32528C04200EF2CA3 /* TimerFunctionObject.mm */,
				068E35E42528C04200EF2CA3 /* ICalleeObjectFrameTimer.h */,
				068E35E52528C04200EF2CA3 /* LoopDepth.mm */,
				068E35E62528C04200EF2CA3 /* LoopDepth.h */,
				068E35E72528C04200EF2CA3 /* TimerFunctionObject.h */,
				068E35E82528C04200EF2CA3 /* TickPriority.h */,
				068E35E92528C04200EF2CA3 /* ICalleeObjectTimer.h */,
				068E35EA2528C04200EF2CA3 /* TickObjectMgrBase.h */,
				068E35EB2528C04200EF2CA3 /* FrameTimerMgr.mm */,
				068E35EC2528C04200EF2CA3 /* TimerItemBase.mm */,
				068E35ED2528C04200EF2CA3 /* LogicTickMgr.mm */,
				068E35EE2528C04200EF2CA3 /* LogicTickMgr.h */,
				068E35EF2528C04200EF2CA3 /* CountDownTimer.mm */,
				068E35F02528C04200EF2CA3 /* SystemFrameData.h */,
				068E35F12528C04200EF2CA3 /* TimerItemBase.h */,
				068E35F22528C04200EF2CA3 /* FrameTimerItem.mm */,
				068E35F32528C04200EF2CA3 /* FrameTimerMgr.h */,
				068E35F42528C04200EF2CA3 /* TimerMgr.mm */,
				068E35F52528C04200EF2CA3 /* ITickedObject.h */,
				068E35F62528C04200EF2CA3 /* TimerMgr.h */,
				068E35F72528C04200EF2CA3 /* TickProcessObject.mm */,
				068E35F82528C04200EF2CA3 /* TickProcessObject.h */,
				068E35F92528C04200EF2CA3 /* SystemFrameData.mm */,
				068E35FA2528C04200EF2CA3 /* FixedTickMgr.mm */,
				068E35FB2528C04200EF2CA3 /* FrameTimerItem.h */,
			);
			path = FrameHandle;
			sourceTree = "<group>";
		};
		068E35FC2528C04200EF2CA3 /* DataStruct */ = {
			isa = PBXGroup;
			children = (
				068E35FD2528C04200EF2CA3 /* DynByteBuffer.h */,
				068E35FE2528C04200EF2CA3 /* DynBuffer.h */,
				068E35FF2528C04200EF2CA3 /* ByteBuffer.mm */,
				068E36002528C04200EF2CA3 /* CircularBuffer.h */,
				068E36012528C04200EF2CA3 /* MList.mm */,
				068E36022528C04200EF2CA3 /* ByteBuffer.h */,
				068E36032528C04200EF2CA3 /* DynByteBuffer.mm */,
				068E36042528C04200EF2CA3 /* MsgCV.h */,
				068E36052528C04200EF2CA3 /* DynBufResizePolicy.h */,
				068E36062528C04200EF2CA3 /* MsgBuffer.mm */,
				068E36072528C04200EF2CA3 /* MsgBuffer.h */,
				068E36082528C04200EF2CA3 /* CircularBuffer.mm */,
				068E36092528C04200EF2CA3 /* MList.h */,
				068E360A2528C04200EF2CA3 /* DynBufResizePolicy.mm */,
				068E360B2528C04200EF2CA3 /* MDictionary.mm */,
				068E360C2528C04200EF2CA3 /* ClientBuffer.mm */,
				068E360D2528C04200EF2CA3 /* ClientBuffer.h */,
				068E360E2528C04200EF2CA3 /* BufferCV.h */,
				068E360F2528C04200EF2CA3 /* DynBuffer.mm */,
				068E36102528C04200EF2CA3 /* MDictionary.h */,
			);
			path = DataStruct;
			sourceTree = "<group>";
		};
		068E36112528C04200EF2CA3 /* Base */ = {
			isa = PBXGroup;
			children = (
				068E36122528C04200EF2CA3 /* UniqueStrIdGen.h */,
				068E36132528C04200EF2CA3 /* UniqueStrIdGen.mm */,
				068E36142528C04200EF2CA3 /* UniqueNumIdGen.h */,
				068E36152528C04200EF2CA3 /* GObject.mm */,
				068E36162528C04200EF2CA3 /* UniqueNumIdGen.mm */,
				068E36172528C04200EF2CA3 /* GObject.h */,
			);
			path = Base;
			sourceTree = "<group>";
		};
		068E36182528C04200EF2CA3 /* Test */ = {
			isa = PBXGroup;
			children = (
				068E36192528C04200EF2CA3 /* TestBase */,
				068E361E2528C04200EF2CA3 /* TestClass */,
				068E36212528C04200EF2CA3 /* TestSyntax */,
			);
			path = Test;
			sourceTree = "<group>";
		};
		068E36192528C04200EF2CA3 /* TestBase */ = {
			isa = PBXGroup;
			children = (
				068E361A2528C04200EF2CA3 /* TestMain.h */,
				068E361B2528C04200EF2CA3 /* TestBase.h */,
				068E361C2528C04200EF2CA3 /* TestBase.mm */,
				068E361D2528C04200EF2CA3 /* TestMain.mm */,
			);
			path = TestBase;
			sourceTree = "<group>";
		};
		068E361E2528C04200EF2CA3 /* TestClass */ = {
			isa = PBXGroup;
			children = (
				068E361F2528C04200EF2CA3 /* TestA.h */,
				068E36202528C04200EF2CA3 /* TestA.mm */,
			);
			path = TestClass;
			sourceTree = "<group>";
		};
		068E36212528C04200EF2CA3 /* TestSyntax */ = {
			isa = PBXGroup;
			children = (
				068E36222528C04200EF2CA3 /* TestSyntaxClassAa.h */,
				068E36232528C04200EF2CA3 /* TestSyntaxClassAa.mm */,
				068E36242528C04200EF2CA3 /* TestSyntax.mm */,
				068E36252528C04200EF2CA3 /* TestSyntax.h */,
			);
			path = TestSyntax;
			sourceTree = "<group>";
		};
		068E36262528C04200EF2CA3 /* Module */ = {
			isa = PBXGroup;
			children = (
				068E36272528C04200EF2CA3 /* AppFrame */,
				068E362A2528C04200EF2CA3 /* Stage */,
			);
			path = Module;
			sourceTree = "<group>";
		};
		068E36272528C04200EF2CA3 /* AppFrame */ = {
			isa = PBXGroup;
			children = (
				068E36282528C04200EF2CA3 /* AppFrame.mm */,
				068E36292528C04200EF2CA3 /* AppFrame.h */,
			);
			path = AppFrame;
			sourceTree = "<group>";
		};
		068E362A2528C04200EF2CA3 /* Stage */ = {
			isa = PBXGroup;
			children = (
				068E362B2528C04200EF2CA3 /* Start */,
			);
			path = Stage;
			sourceTree = "<group>";
		};
		068E362B2528C04200EF2CA3 /* Start */ = {
			isa = PBXGroup;
			children = (
				068E362C2528C04200EF2CA3 /* MainEntry.mm */,
				068E362D2528C04200EF2CA3 /* MainEntry.h */,
			);
			path = Start;
			sourceTree = "<group>";
		};
		2F8315DF1E5AB5BE0054D1F8 = {
			isa = PBXGroup;
			children = (
				068E357C2528C04200EF2CA3 /* TestLibs */,
				2F8315E91E5AB5BE0054D1F8 /* Products */,
			);
			sourceTree = "<group>";
		};
		2F8315E91E5AB5BE0054D1F8 /* Products */ = {
			isa = PBXGroup;
			children = (
				2F8315E81E5AB5BE0054D1F8 /* TestLibs */,
			);
			name = Products;
			sourceTree = "<group>";
		};
/* End PBXGroup section */

/* Begin PBXNativeTarget section */
		2F8315E71E5AB5BE0054D1F8 /* TestLibs */ = {
			isa = PBXNativeTarget;
			buildConfigurationList = 2F8315EF1E5AB5BE0054D1F8 /* Build configuration list for PBXNativeTarget "TestLibs" */;
			buildPhases = (
				2F8315E41E5AB5BE0054D1F8 /* Sources */,
				2F8315E51E5AB5BE0054D1F8 /* Frameworks */,
				2F8315E61E5AB5BE0054D1F8 /* CopyFiles */,
			);
			buildRules = (
			);
			dependencies = (
			);
			name = TestLibs;
			productName = TestLibs;
			productReference = 2F8315E81E5AB5BE0054D1F8 /* TestLibs */;
			productType = "com.apple.product-type.tool";
		};
/* End PBXNativeTarget section */

/* Begin PBXProject section */
		2F8315E01E5AB5BE0054D1F8 /* Project object */ = {
			isa = PBXProject;
			attributes = {
				LastUpgradeCheck = 0820;
				ORGANIZATIONNAME = "zt-2010879";
				TargetAttributes = {
					2F8315E71E5AB5BE0054D1F8 = {
						CreatedOnToolsVersion = 8.2.1;
						ProvisioningStyle = Automatic;
					};
				};
			};
			buildConfigurationList = 2F8315E31E5AB5BE0054D1F8 /* Build configuration list for PBXProject "TestLibs" */;
			compatibilityVersion = "Xcode 3.2";
			developmentRegion = English;
			hasScannedForEncodings = 0;
			knownRegions = (
				English,
				en,
			);
			mainGroup = 2F8315DF1E5AB5BE0054D1F8;
			productRefGroup = 2F8315E91E5AB5BE0054D1F8 /* Products */;
			projectDirPath = "";
			projectRoot = "";
			targets = (
				2F8315E71E5AB5BE0054D1F8 /* TestLibs */,
			);
		};
/* End PBXProject section */

/* Begin PBXSourcesBuildPhase section */
		2F8315E41E5AB5BE0054D1F8 /* Sources */ = {
			isa = PBXSourcesBuildPhase;
			buildActionMask = 2147483647;
			files = (
				068E366C2528C04200EF2CA3 /* GObject.mm in Sources */,
				068E36352528C04200EF2CA3 /* ProcessSys.mm in Sources */,
				068E36632528C04200EF2CA3 /* MList.mm in Sources */,
				068E365C2528C04200EF2CA3 /* CountDownTimer.mm in Sources */,
				068E36672528C04200EF2CA3 /* DynBufResizePolicy.mm in Sources */,
				068E36602528C04200EF2CA3 /* SystemFrameData.mm in Sources */,
				068E36502528C04200EF2CA3 /* DelayDelParam.mm in Sources */,
				068E36692528C04200EF2CA3 /* ClientBuffer.mm in Sources */,
				068E36642528C04200EF2CA3 /* DynByteBuffer.mm in Sources */,
				068E364E2528C04200EF2CA3 /* DelayAddParam.mm in Sources */,
				068E36552528C04200EF2CA3 /* TimeInterval.mm in Sources */,
				068E366D2528C04300EF2CA3 /* UniqueNumIdGen.mm in Sources */,
				068E36662528C04200EF2CA3 /* CircularBuffer.mm in Sources */,
				068E36372528C04200EF2CA3 /* Ctx.mm in Sources */,
				068E36312528C04200EF2CA3 /* UtilStr.mm in Sources */,
				068E36532528C04200EF2CA3 /* TickObjectMgrBase.mm in Sources */,
				068E365A2528C04200EF2CA3 /* TimerItemBase.mm in Sources */,
				068E36302528C04200EF2CA3 /* UtilLog.mm in Sources */,
				068E363F2528C04200EF2CA3 /* AddOnceEventDispatch.mm in Sources */,
				068E364F2528C04200EF2CA3 /* DelayHandleObject.mm in Sources */,
				068E36752528C04300EF2CA3 /* main.mm in Sources */,
				068E363E2528C04200EF2CA3 /* ResInsEventDispatch.mm in Sources */,
				068E366B2528C04200EF2CA3 /* UniqueStrIdGen.mm in Sources */,
				068E36402528C04200EF2CA3 /* EventDispatchGroup.mm in Sources */,
				068E36542528C04200EF2CA3 /* SystemTimeData.mm in Sources */,
				068E36392528C04200EF2CA3 /* GlobalDelegate.mm in Sources */,
				068E36732528C04300EF2CA3 /* AppFrame.mm in Sources */,
				068E36412528C04200EF2CA3 /* ResEventDispatch.mm in Sources */,
				068E36492528C04200EF2CA3 /* LoadedWebResMR.mm in Sources */,
				068E36442528C04200EF2CA3 /* SocketCloseedMR.mm in Sources */,
				068E36462528C04200EF2CA3 /* MsgRouteHandleBase.mm in Sources */,
				068E364A2528C04200EF2CA3 /* MsgRouteBase.mm in Sources */,
				068E36512528C04200EF2CA3 /* DelayHandleMgrBase.mm in Sources */,
				068E36612528C04200EF2CA3 /* FixedTickMgr.mm in Sources */,
				068E362F2528C04200EF2CA3 /* MEncoding.mm in Sources */,
				068E36702528C04300EF2CA3 /* TestA.mm in Sources */,
				068E364B2528C04200EF2CA3 /* MsgRouteNotify.mm in Sources */,
				068E36592528C04200EF2CA3 /* FrameTimerMgr.mm in Sources */,
				068E36382528C04200EF2CA3 /* Config.mm in Sources */,
				068E36652528C04200EF2CA3 /* MsgBuffer.mm in Sources */,
				068E36742528C04300EF2CA3 /* MainEntry.mm in Sources */,
				068E363B2528C04200EF2CA3 /* EngineLoop.mm in Sources */,
				068E363D2528C04200EF2CA3 /* AddOnceAndCallOnceEventDispatch.mm in Sources */,
				068E365F2528C04200EF2CA3 /* TickProcessObject.mm in Sources */,
				068E36452528C04200EF2CA3 /* SocketOpenedMR.mm in Sources */,
				068E364C2528C04200EF2CA3 /* MsgRouteDispHandle.mm in Sources */,
				068E36562528C04200EF2CA3 /* TickMgr.mm in Sources */,
				068E36422528C04200EF2CA3 /* EventDispatchFunctionObject.mm in Sources */,
				068E365D2528C04200EF2CA3 /* FrameTimerItem.mm in Sources */,
				068E36682528C04200EF2CA3 /* MDictionary.mm in Sources */,
				068E36712528C04300EF2CA3 /* TestSyntaxClassAa.mm in Sources */,
				068E366E2528C04300EF2CA3 /* TestBase.mm in Sources */,
				068E36572528C04200EF2CA3 /* TimerFunctionObject.mm in Sources */,
				068E36332528C04200EF2CA3 /* SystemEndian.mm in Sources */,
				068E366A2528C04200EF2CA3 /* DynBuffer.mm in Sources */,
				068E36342528C04200EF2CA3 /* MBitConverter.mm in Sources */,
				068E363A2528C04200EF2CA3 /* ShareData.mm in Sources */,
				068E36322528C04200EF2CA3 /* UtilSysLibsWrap.mm in Sources */,
				068E365B2528C04200EF2CA3 /* LogicTickMgr.mm in Sources */,
				068E36362528C04200EF2CA3 /* Singleton.mm in Sources */,
				068E364D2528C04200EF2CA3 /* MFileStream.mm in Sources */,
				068E363C2528C04200EF2CA3 /* CallOnceEventDispatch.mm in Sources */,
				068E365E2528C04200EF2CA3 /* TimerMgr.mm in Sources */,
				068E36722528C04300EF2CA3 /* TestSyntax.mm in Sources */,
				068E36482528C04200EF2CA3 /* ThreadLogMR.mm in Sources */,
				068E366F2528C04300EF2CA3 /* TestMain.mm in Sources */,
				068E36472528C04200EF2CA3 /* SysMsgRoute.mm in Sources */,
				068E36582528C04200EF2CA3 /* LoopDepth.mm in Sources */,
				068E36522528C04200EF2CA3 /* DelayHandleParamBase.mm in Sources */,
				068E36432528C04200EF2CA3 /* EventDispatch.mm in Sources */,
				068E36622528C04200EF2CA3 /* ByteBuffer.mm in Sources */,
			);
			runOnlyForDeploymentPostprocessing = 0;
		};
/* End PBXSourcesBuildPhase section */

/* Begin XCBuildConfiguration section */
		2F8315ED1E5AB5BE0054D1F8 /* Debug */ = {
			isa = XCBuildConfiguration;
			buildSettings = {
				ALWAYS_SEARCH_USER_PATHS = NO;
				CLANG_ANALYZER_NONNULL = YES;
				CLANG_CXX_LANGUAGE_STANDARD = "gnu++0x";
				CLANG_CXX_LIBRARY = "libc++";
				CLANG_ENABLE_MODULES = YES;
				CLANG_ENABLE_OBJC_ARC = NO;
				CLANG_WARN_BOOL_CONVERSION = YES;
				CLANG_WARN_CONSTANT_CONVERSION = YES;
				CLANG_WARN_DIRECT_OBJC_ISA_USAGE = YES_ERROR;
				CLANG_WARN_DOCUMENTATION_COMMENTS = YES;
				CLANG_WARN_EMPTY_BODY = YES;
				CLANG_WARN_ENUM_CONVERSION = YES;
				CLANG_WARN_INFINITE_RECURSION = YES;
				CLANG_WARN_INT_CONVERSION = YES;
				CLANG_WARN_OBJC_ROOT_CLASS = YES_ERROR;
				CLANG_WARN_SUSPICIOUS_MOVE = YES;
				CLANG_WARN_UNREACHABLE_CODE = YES;
				CLANG_WARN__DUPLICATE_METHOD_MATCH = YES;
				CODE_SIGN_IDENTITY = "-";
				COPY_PHASE_STRIP = NO;
				DEBUG_INFORMATION_FORMAT = dwarf;
				ENABLE_STRICT_OBJC_MSGSEND = YES;
				ENABLE_TESTABILITY = YES;
				GCC_C_LANGUAGE_STANDARD = gnu99;
				GCC_DYNAMIC_NO_PIC = NO;
				GCC_NO_COMMON_BLOCKS = YES;
				GCC_OPTIMIZATION_LEVEL = 0;
				GCC_PREPROCESSOR_DEFINITIONS = (
					"DEBUG=1",
					"$(inherited)",
				);
				GCC_WARN_64_TO_32_BIT_CONVERSION = YES;
				GCC_WARN_ABOUT_RETURN_TYPE = YES_ERROR;
				GCC_WARN_UNDECLARED_SELECTOR = YES;
				GCC_WARN_UNINITIALIZED_AUTOS = YES_AGGRESSIVE;
				GCC_WARN_UNUSED_FUNCTION = YES;
				GCC_WARN_UNUSED_VARIABLE = YES;
				HEADER_SEARCH_PATHS = TestLibs;
				MACOSX_DEPLOYMENT_TARGET = 10.12;
				MTL_ENABLE_DEBUG_INFO = YES;
				ONLY_ACTIVE_ARCH = YES;
				SDKROOT = macosx;
			};
			name = Debug;
		};
		2F8315EE1E5AB5BE0054D1F8 /* Release */ = {
			isa = XCBuildConfiguration;
			buildSettings = {
				ALWAYS_SEARCH_USER_PATHS = NO;
				CLANG_ANALYZER_NONNULL = YES;
				CLANG_CXX_LANGUAGE_STANDARD = "gnu++0x";
				CLANG_CXX_LIBRARY = "libc++";
				CLANG_ENABLE_MODULES = YES;
				CLANG_ENABLE_OBJC_ARC = NO;
				CLANG_WARN_BOOL_CONVERSION = YES;
				CLANG_WARN_CONSTANT_CONVERSION = YES;
				CLANG_WARN_DIRECT_OBJC_ISA_USAGE = YES_ERROR;
				CLANG_WARN_DOCUMENTATION_COMMENTS = YES;
				CLANG_WARN_EMPTY_BODY = YES;
				CLANG_WARN_ENUM_CONVERSION = YES;
				CLANG_WARN_INFINITE_RECURSION = YES;
				CLANG_WARN_INT_CONVERSION = YES;
				CLANG_WARN_OBJC_ROOT_CLASS = YES_ERROR;
				CLANG_WARN_SUSPICIOUS_MOVE = YES;
				CLANG_WARN_UNREACHABLE_CODE = YES;
				CLANG_WARN__DUPLICATE_METHOD_MATCH = YES;
				CODE_SIGN_IDENTITY = "-";
				COPY_PHASE_STRIP = NO;
				DEBUG_INFORMATION_FORMAT = "dwarf-with-dsym";
				ENABLE_NS_ASSERTIONS = NO;
				ENABLE_STRICT_OBJC_MSGSEND = YES;
				GCC_C_LANGUAGE_STANDARD = gnu99;
				GCC_NO_COMMON_BLOCKS = YES;
				GCC_WARN_64_TO_32_BIT_CONVERSION = YES;
				GCC_WARN_ABOUT_RETURN_TYPE = YES_ERROR;
				GCC_WARN_UNDECLARED_SELECTOR = YES;
				GCC_WARN_UNINITIALIZED_AUTOS = YES_AGGRESSIVE;
				GCC_WARN_UNUSED_FUNCTION = YES;
				GCC_WARN_UNUSED_VARIABLE = YES;
				HEADER_SEARCH_PATHS = TestLibs;
				MACOSX_DEPLOYMENT_TARGET = 10.12;
				MTL_ENABLE_DEBUG_INFO = NO;
				SDKROOT = macosx;
			};
			name = Release;
		};
		2F8315F01E5AB5BE0054D1F8 /* Debug */ = {
			isa = XCBuildConfiguration;
			buildSettings = {
				PRODUCT_NAME = "$(TARGET_NAME)";
			};
			name = Debug;
		};
		2F8315F11E5AB5BE0054D1F8 /* Release */ = {
			isa = XCBuildConfiguration;
			buildSettings = {
				PRODUCT_NAME = "$(TARGET_NAME)";
			};
			name = Release;
		};
/* End XCBuildConfiguration section */

/* Begin XCConfigurationList section */
		2F8315E31E5AB5BE0054D1F8 /* Build configuration list for PBXProject "TestLibs" */ = {
			isa = XCConfigurationList;
			buildConfigurations = (
				2F8315ED1E5AB5BE0054D1F8 /* Debug */,
				2F8315EE1E5AB5BE0054D1F8 /* Release */,
			);
			defaultConfigurationIsVisible = 0;
			defaultConfigurationName = Release;
		};
		2F8315EF1E5AB5BE0054D1F8 /* Build configuration list for PBXNativeTarget "TestLibs" */ = {
			isa = XCConfigurationList;
			buildConfigurations = (
				2F8315F01E5AB5BE0054D1F8 /* Debug */,
				2F8315F11E5AB5BE0054D1F8 /* Release */,
			);
			defaultConfigurationIsVisible = 0;
			defaultConfigurationName = Release;
		};
/* End XCConfigurationList section */
	};
	rootObject = 2F8315E01E5AB5BE0054D1F8 /* Project object */;
}
